{
  "originHash" : "305ed280d87a3283b931a4e206586a79097fa6463d273a159144d1768850e92d",
  "pins" : [
    {
      "identity" : "logmanager",
      "kind" : "remoteSourceControl",
      "location" : "https://github.com/Appracatappra/LogManager",
      "state" : {
        "revision" : "bf916fa61fd3d3f006bcede8e9ca2d4910279478",
        "version" : "2.0.0"
      }
    },
    {
      "identity" : "soundmanager",
      "kind" : "remoteSourceControl",
      "location" : "https://github.com/Appracatappra/SoundManager",
      "state" : {
        "revision" : "6e73b374abdd9858a873fa72a89e5e09b0ffb4c8",
        "version" : "2.0.0"
      }
    },
    {
      "identity" : "swiftletutilities",
      "kind" : "remoteSourceControl",
      "location" : "https://github.com/Appracatappra/SwiftletUtilities",
      "state" : {
        "revision" : "b3564b394c7d81f02c8f62e821a38efa62a97d66",
        "version" : "2.0.1"
      }
    }
  ],
  "version" : 3
}
